{
  "name": "temp_fluid",
  "version": "1.0.0",
  "lockfileVersion": 3,
  "requires": true,
  "packages": {
    "": {
      "name": "temp_fluid",
      "version": "1.0.0",
      "license": "ISC",
      "dependencies": {
        "webgl-fluid-enhanced": "^0.6.1"
      }
    },
    "node_modules/webgl-fluid-enhanced": {
      "version": "0.6.1",
      "resolved": "https://registry.npmjs.org/webgl-fluid-enhanced/-/webgl-fluid-enhanced-0.6.1.tgz",
      "integrity": "sha512-prZBEkNhoy+stOCUVh9WL3Zkes43h/N1q4lTWqLweACUcjBS/QOrlUZVaXWvXodHdG/6MBxdwiddx13YjForZA==",
      "license": "MIT"
    }
  }
}
